{
  "object": {
    "pins": [
      {
        "package": "swiftPackage",
        "repositoryURL": "https://github.com/kirviz/swiftPackages",
        "state": {
          "branch": "master",
          "revision": "17d15568d689ba33513966ba49d50e6c1f56bc87",
          "version": null
        }
      }
    ]
  },
  "version": 1
}
