// !$*UTF8*$!
{
	archiveVersion = 1;
	classes = {
	};
	objectVersion = 52;
	objects = {

/* Begin PBXBuildFile section */
		D54CAD4024ABA78F009F20FA /* AppDelegate.swift in Sources */ = {isa = PBXBuildFile; fileRef = D54CAD3F24ABA78F009F20FA /* AppDelegate.swift */; };
		D54CAD4224ABA78F009F20FA /* SceneDelegate.swift in Sources */ = {isa = PBXBuildFile; fileRef = D54CAD4124ABA78F009F20FA /* SceneDelegate.swift */; };
		D54CAD4424ABA78F009F20FA /* ViewController.swift in Sources */ = {isa = PBXBuildFile; fileRef = D54CAD4324ABA78F009F20FA /* ViewController.swift */; };
		D54CAD4724ABA78F009F20FA /* Main.storyboard in Resources */ = {isa = PBXBuildFile; fileRef = D54CAD4524ABA78F009F20FA /* Main.storyboard */; };
		D54CAD4924ABA790009F20FA /* Assets.xcassets in Resources */ = {isa = PBXBuildFile; fileRef = D54CAD4824ABA790009F20FA /* Assets.xcassets */; };
		D54CAD4C24ABA790009F20FA /* LaunchScreen.storyboard in Resources */ = {isa = PBXBuildFile; fileRef = D54CAD4A24ABA790009F20FA /* LaunchScreen.storyboard */; };
		D5A5604224ABAB33001A4E8D /* swiftLibrary in Frameworks */ = {isa = PBXBuildFile; productRef = D5A5604124ABAB33001A4E8D /* swiftLibrary */; };
		D5E2942824AD4AFE00B1B84C /* objcLibrary in Frameworks */ = {isa = PBXBuildFile; productRef = D5E2942724AD4AFE00B1B84C /* objcLibrary */; };
/* End PBXBuildFile section */

/* Begin PBXFileReference section */
		D54CAD3C24ABA78F009F20FA /* anotherSwiftClient.app */ = {isa = PBXFileReference; explicitFileType = wrapper.application; includeInIndex = 0; path = anotherSwiftClient.app; sourceTree = BUILT_PRODUCTS_DIR; };
		D54CAD3F24ABA78F009F20FA /* AppDelegate.swift */ = {isa = PBXFileReference; lastKnownFileType = sourcecode.swift; path = AppDelegate.swift; sourceTree = "<group>"; };
		D54CAD4124ABA78F009F20FA /* SceneDelegate.swift */ = {isa = PBXFileReference; lastKnownFileType = sourcecode.swift; path = SceneDelegate.swift; sourceTree = "<group>"; };
		D54CAD4324ABA78F009F20FA /* ViewController.swift */ = {isa = PBXFileReference; lastKnownFileType = sourcecode.swift; path = ViewController.swift; sourceTree = "<group>"; };
		D54CAD4624ABA78F009F20FA /* Base */ = {isa = PBXFileReference; lastKnownFileType = file.storyboard; name = Base; path = Base.lproj/Main.storyboard; sourceTree = "<group>"; };
		D54CAD4824ABA790009F20FA /* Assets.xcassets */ = {isa = PBXFileReference; lastKnownFileType = folder.assetcatalog; path = Assets.xcassets; sourceTree = "<group>"; };
		D54CAD4B24ABA790009F20FA /* Base */ = {isa = PBXFileReference; lastKnownFileType = file.storyboard; name = Base; path = Base.lproj/LaunchScreen.storyboard; sourceTree = "<group>"; };
		D54CAD4D24ABA790009F20FA /* Info.plist */ = {isa = PBXFileReference; lastKnownFileType = text.plist.xml; path = Info.plist; sourceTree = "<group>"; };
/* End PBXFileReference section */

/* Begin PBXFrameworksBuildPhase section */
		D54CAD3924ABA78F009F20FA /* Frameworks */ = {
			isa = PBXFrameworksBuildPhase;
			buildActionMask = 2147483647;
			files = (
				D5E2942824AD4AFE00B1B84C /* objcLibrary in Frameworks */,
				D5A5604224ABAB33001A4E8D /* swiftLibrary in Frameworks */,
			);
			runOnlyForDeploymentPostprocessing = 0;
		};
/* End PBXFrameworksBuildPhase section */

/* Begin PBXGroup section */
		D54CAD3324ABA78F009F20FA = {
			isa = PBXGroup;
			children = (
				D54CAD3E24ABA78F009F20FA /* anotherSwiftClient */,
				D54CAD3D24ABA78F009F20FA /* Products */,
				D5E2942624AD4AFE00B1B84C /* Frameworks */,
			);
			sourceTree = "<group>";
		};
		D54CAD3D24ABA78F009F20FA /* Products */ = {
			isa = PBXGroup;
			children = (
				D54CAD3C24ABA78F009F20FA /* anotherSwiftClient.app */,
			);
			name = Products;
			sourceTree = "<group>";
		};
		D54CAD3E24ABA78F009F20FA /* anotherSwiftClient */ = {
			isa = PBXGroup;
			children = (
				D54CAD3F24ABA78F009F20FA /* AppDelegate.swift */,
				D54CAD4124ABA78F009F20FA /* SceneDelegate.swift */,
				D54CAD4324ABA78F009F20FA /* ViewController.swift */,
				D54CAD4524ABA78F009F20FA /* Main.storyboard */,
				D54CAD4824ABA790009F20FA /* Assets.xcassets */,
				D54CAD4A24ABA790009F20FA /* LaunchScreen.storyboard */,
				D54CAD4D24ABA790009F20FA /* Info.plist */,
			);
			path = anotherSwiftClient;
			sourceTree = "<group>";
		};
		D5E2942624AD4AFE00B1B84C /* Frameworks */ = {
			isa = PBXGroup;
			children = (
			);
			name = Frameworks;
			sourceTree = "<group>";
		};
/* End PBXGroup section */

/* Begin PBXNativeTarget section */
		D54CAD3B24ABA78F009F20FA /* anotherSwiftClient */ = {
			isa = PBXNativeTarget;
			buildConfigurationList = D54CAD5024ABA790009F20FA /* Build configuration list for PBXNativeTarget "anotherSwiftClient" */;
			buildPhases = (
				D54CAD3824ABA78F009F20FA /* Sources */,
				D54CAD3924ABA78F009F20FA /* Frameworks */,
				D54CAD3A24ABA78F009F20FA /* Resources */,
			);
			buildRules = (
			);
			dependencies = (
			);
			name = anotherSwiftClient;
			packageProductDependencies = (
				D5A5604124ABAB33001A4E8D /* swiftLibrary */,
				D5E2942724AD4AFE00B1B84C /* objcLibrary */,
			);
			productName = anotherSwiftClient;
			productReference = D54CAD3C24ABA78F009F20FA /* anotherSwiftClient.app */;
			productType = "com.apple.product-type.application";
		};
/* End PBXNativeTarget section */

/* Begin PBXProject section */
		D54CAD3424ABA78F009F20FA /* Project object */ = {
			isa = PBXProject;
			attributes = {
				LastSwiftUpdateCheck = 1200;
				LastUpgradeCheck = 1200;
				TargetAttributes = {
					D54CAD3B24ABA78F009F20FA = {
						CreatedOnToolsVersion = 12.0;
					};
				};
			};
			buildConfigurationList = D54CAD3724ABA78F009F20FA /* Build configuration list for PBXProject "anotherSwiftClient" */;
			compatibilityVersion = "Xcode 9.3";
			developmentRegion = en;
			hasScannedForEncodings = 0;
			knownRegions = (
				en,
				Base,
			);
			mainGroup = D54CAD3324ABA78F009F20FA;
			packageReferences = (
				D5A5604024ABAB33001A4E8D /* XCRemoteSwiftPackageReference "swiftPackages" */,
			);
			productRefGroup = D54CAD3D24ABA78F009F20FA /* Products */;
			projectDirPath = "";
			projectRoot = "";
			targets = (
				D54CAD3B24ABA78F009F20FA /* anotherSwiftClient */,
			);
		};
/* End PBXProject section */

/* Begin PBXResourcesBuildPhase section */
		D54CAD3A24ABA78F009F20FA /* Resources */ = {
			isa = PBXResourcesBuildPhase;
			buildActionMask = 2147483647;
			files = (
				D54CAD4C24ABA790009F20FA /* LaunchScreen.storyboard in Resources */,
				D54CAD4924ABA790009F20FA /* Assets.xcassets in Resources */,
				D54CAD4724ABA78F009F20FA /* Main.storyboard in Resources */,
			);
			runOnlyForDeploymentPostprocessing = 0;
		};
/* End PBXResourcesBuildPhase section */

/* Begin PBXSourcesBuildPhase section */
		D54CAD3824ABA78F009F20FA /* Sources */ = {
			isa = PBXSourcesBuildPhase;
			buildActionMask = 2147483647;
			files = (
				D54CAD4424ABA78F009F20FA /* ViewController.swift in Sources */,
				D54CAD4024ABA78F009F20FA /* AppDelegate.swift in Sources */,
				D54CAD4224ABA78F009F20FA /* SceneDelegate.swift in Sources */,
			);
			runOnlyForDeploymentPostprocessing = 0;
		};
/* End PBXSourcesBuildPhase section */

/* Begin PBXVariantGroup section */
		D54CAD4524ABA78F009F20FA /* Main.storyboard */ = {
			isa = PBXVariantGroup;
			children = (
				D54CAD4624ABA78F009F20FA /* Base */,
			);
			name = Main.storyboard;
			sourceTree = "<group>";
		};
		D54CAD4A24ABA790009F20FA /* LaunchScreen.storyboard */ = {
			isa = PBXVariantGroup;
			children = (
				D54CAD4B24ABA790009F20FA /* Base */,
			);
			name = LaunchScreen.storyboard;
			sourceTree = "<group>";
		};
/* End PBXVariantGroup section */

/* Begin XCBuildConfiguration section */
		D54CAD4E24ABA790009F20FA /* Debug */ = {
			isa = XCBuildConfiguration;
			buildSettings = {
				ALWAYS_SEARCH_USER_PATHS = NO;
				CLANG_ANALYZER_NONNULL = YES;
				CLANG_ANALYZER_NUMBER_OBJECT_CONVERSION = YES_AGGRESSIVE;
				CLANG_CXX_LANGUAGE_STANDARD = "gnu++14";
				CLANG_CXX_LIBRARY = "libc++";
				CLANG_ENABLE_MODULES = YES;
				CLANG_ENABLE_OBJC_ARC = YES;
				CLANG_ENABLE_OBJC_WEAK = YES;
				CLANG_WARN_BLOCK_CAPTURE_AUTORELEASING = YES;
				CLANG_WARN_BOOL_CONVERSION = YES;
				CLANG_WARN_COMMA = YES;
				CLANG_WARN_CONSTANT_CONVERSION = YES;
				CLANG_WARN_DEPRECATED_OBJC_IMPLEMENTATIONS = YES;
				CLANG_WARN_DIRECT_OBJC_ISA_USAGE = YES_ERROR;
				CLANG_WARN_DOCUMENTATION_COMMENTS = YES;
				CLANG_WARN_EMPTY_BODY = YES;
				CLANG_WARN_ENUM_CONVERSION = YES;
				CLANG_WARN_INFINITE_RECURSION = YES;
				CLANG_WARN_INT_CONVERSION = YES;
				CLANG_WARN_NON_LITERAL_NULL_CONVERSION = YES;
				CLANG_WARN_OBJC_IMPLICIT_RETAIN_SELF = YES;
				CLANG_WARN_OBJC_LITERAL_CONVERSION = YES;
				CLANG_WARN_OBJC_ROOT_CLASS = YES_ERROR;
				CLANG_WARN_QUOTED_INCLUDE_IN_FRAMEWORK_HEADER = YES;
				CLANG_WARN_RANGE_LOOP_ANALYSIS = YES;
				CLANG_WARN_STRICT_PROTOTYPES = YES;
				CLANG_WARN_SUSPICIOUS_MOVE = YES;
				CLANG_WARN_UNGUARDED_AVAILABILITY = YES_AGGRESSIVE;
				CLANG_WARN_UNREACHABLE_CODE = YES;
				CLANG_WARN__DUPLICATE_METHOD_MATCH = YES;
				COPY_PHASE_STRIP = NO;
				DEBUG_INFORMATION_FORMAT = dwarf;
				ENABLE_STRICT_OBJC_MSGSEND = YES;
				ENABLE_TESTABILITY = YES;
				GCC_C_LANGUAGE_STANDARD = gnu11;
				GCC_DYNAMIC_NO_PIC = NO;
				GCC_NO_COMMON_BLOCKS = YES;
				GCC_OPTIMIZATION_LEVEL = 0;
				GCC_PREPROCESSOR_DEFINITIONS = (
					"DEBUG=1",
					"$(inherited)",
				);
				GCC_WARN_64_TO_32_BIT_CONVERSION = YES;
				GCC_WARN_ABOUT_RETURN_TYPE = YES_ERROR;
				GCC_WARN_UNDECLARED_SELECTOR = YES;
				GCC_WARN_UNINITIALIZED_AUTOS = YES_AGGRESSIVE;
				GCC_WARN_UNUSED_FUNCTION = YES;
				GCC_WARN_UNUSED_VARIABLE = YES;
				IPHONEOS_DEPLOYMENT_TARGET = 14.0;
				MTL_ENABLE_DEBUG_INFO = INCLUDE_SOURCE;
				MTL_FAST_MATH = YES;
				ONLY_ACTIVE_ARCH = YES;
				SDKROOT = iphoneos;
				SWIFT_ACTIVE_COMPILATION_CONDITIONS = DEBUG;
				SWIFT_OPTIMIZATION_LEVEL = "-Onone";
			};
			name = Debug;
		};
		D54CAD4F24ABA790009F20FA /* Release */ = {
			isa = XCBuildConfiguration;
			buildSettings = {
				ALWAYS_SEARCH_USER_PATHS = NO;
				CLANG_ANALYZER_NONNULL = YES;
				CLANG_ANALYZER_NUMBER_OBJECT_CONVERSION = YES_AGGRESSIVE;
				CLANG_CXX_LANGUAGE_STANDARD = "gnu++14";
				CLANG_CXX_LIBRARY = "libc++";
				CLANG_ENABLE_MODULES = YES;
				CLANG_ENABLE_OBJC_ARC = YES;
				CLANG_ENABLE_OBJC_WEAK = YES;
				CLANG_WARN_BLOCK_CAPTURE_AUTORELEASING = YES;
				CLANG_WARN_BOOL_CONVERSION = YES;
				CLANG_WARN_COMMA = YES;
				CLANG_WARN_CONSTANT_CONVERSION = YES;
				CLANG_WARN_DEPRECATED_OBJC_IMPLEMENTATIONS = YES;
				CLANG_WARN_DIRECT_OBJC_ISA_USAGE = YES_ERROR;
				CLANG_WARN_DOCUMENTATION_COMMENTS = YES;
				CLANG_WARN_EMPTY_BODY = YES;
				CLANG_WARN_ENUM_CONVERSION = YES;
				CLANG_WARN_INFINITE_RECURSION = YES;
				CLANG_WARN_INT_CONVERSION = YES;
				CLANG_WARN_NON_LITERAL_NULL_CONVERSION = YES;
				CLANG_WARN_OBJC_IMPLICIT_RETAIN_SELF = YES;
				CLANG_WARN_OBJC_LITERAL_CONVERSION = YES;
				CLANG_WARN_OBJC_ROOT_CLASS = YES_ERROR;
				CLANG_WARN_QUOTED_INCLUDE_IN_FRAMEWORK_HEADER = YES;
				CLANG_WARN_RANGE_LOOP_ANALYSIS = YES;
				CLANG_WARN_STRICT_PROTOTYPES = YES;
				CLANG_WARN_SUSPICIOUS_MOVE = YES;
				CLANG_WARN_UNGUARDED_AVAILABILITY = YES_AGGRESSIVE;
				CLANG_WARN_UNREACHABLE_CODE = YES;
				CLANG_WARN__DUPLICATE_METHOD_MATCH = YES;
				COPY_PHASE_STRIP = NO;
				DEBUG_INFORMATION_FORMAT = "dwarf-with-dsym";
				ENABLE_NS_ASSERTIONS = NO;
				ENABLE_STRICT_OBJC_MSGSEND = YES;
				GCC_C_LANGUAGE_STANDARD = gnu11;
				GCC_NO_COMMON_BLOCKS = YES;
				GCC_WARN_64_TO_32_BIT_CONVERSION = YES;
				GCC_WARN_ABOUT_RETURN_TYPE = YES_ERROR;
				GCC_WARN_UNDECLARED_SELECTOR = YES;
				GCC_WARN_UNINITIALIZED_AUTOS = YES_AGGRESSIVE;
				GCC_WARN_UNUSED_FUNCTION = YES;
				GCC_WARN_UNUSED_VARIABLE = YES;
				IPHONEOS_DEPLOYMENT_TARGET = 14.0;
				MTL_ENABLE_DEBUG_INFO = NO;
				MTL_FAST_MATH = YES;
				SDKROOT = iphoneos;
				SWIFT_COMPILATION_MODE = wholemodule;
				SWIFT_OPTIMIZATION_LEVEL = "-O";
				VALIDATE_PRODUCT = YES;
			};
			name = Release;
		};
		D54CAD5124ABA790009F20FA /* Debug */ = {
			isa = XCBuildConfiguration;
			buildSettings = {
				ASSETCATALOG_COMPILER_APPICON_NAME = AppIcon;
				ASSETCATALOG_COMPILER_GLOBAL_ACCENT_COLOR_NAME = AccentColor;
				CODE_SIGN_STYLE = Automatic;
				DEVELOPMENT_TEAM = H3C9XL9Q47;
				INFOPLIST_FILE = anotherSwiftClient/Info.plist;
				LD_RUNPATH_SEARCH_PATHS = (
					"$(inherited)",
					"@executable_path/Frameworks",
				);
				PRODUCT_BUNDLE_IDENTIFIER = com.thefloow.anotherSwiftClient;
				PRODUCT_NAME = "$(TARGET_NAME)";
				SWIFT_VERSION = 5.0;
				TARGETED_DEVICE_FAMILY = "1,2";
			};
			name = Debug;
		};
		D54CAD5224ABA790009F20FA /* Release */ = {
			isa = XCBuildConfiguration;
			buildSettings = {
				ASSETCATALOG_COMPILER_APPICON_NAME = AppIcon;
				ASSETCATALOG_COMPILER_GLOBAL_ACCENT_COLOR_NAME = AccentColor;
				CODE_SIGN_STYLE = Automatic;
				DEVELOPMENT_TEAM = H3C9XL9Q47;
				INFOPLIST_FILE = anotherSwiftClient/Info.plist;
				LD_RUNPATH_SEARCH_PATHS = (
					"$(inherited)",
					"@executable_path/Frameworks",
				);
				PRODUCT_BUNDLE_IDENTIFIER = com.thefloow.anotherSwiftClient;
				PRODUCT_NAME = "$(TARGET_NAME)";
				SWIFT_VERSION = 5.0;
				TARGETED_DEVICE_FAMILY = "1,2";
			};
			name = Release;
		};
/* End XCBuildConfiguration section */

/* Begin XCConfigurationList section */
		D54CAD3724ABA78F009F20FA /* Build configuration list for PBXProject "anotherSwiftClient" */ = {
			isa = XCConfigurationList;
			buildConfigurations = (
				D54CAD4E24ABA790009F20FA /* Debug */,
				D54CAD4F24ABA790009F20FA /* Release */,
			);
			defaultConfigurationIsVisible = 0;
			defaultConfigurationName = Release;
		};
		D54CAD5024ABA790009F20FA /* Build configuration list for PBXNativeTarget "anotherSwiftClient" */ = {
			isa = XCConfigurationList;
			buildConfigurations = (
				D54CAD5124ABA790009F20FA /* Debug */,
				D54CAD5224ABA790009F20FA /* Release */,
			);
			defaultConfigurationIsVisible = 0;
			defaultConfigurationName = Release;
		};
/* End XCConfigurationList section */

/* Begin XCRemoteSwiftPackageReference section */
		D5A5604024ABAB33001A4E8D /* XCRemoteSwiftPackageReference "swiftPackages" */ = {
			isa = XCRemoteSwiftPackageReference;
			repositoryURL = "https://github.com/kirviz/swiftPackages";
			requirement = {
				branch = master;
				kind = branch;
			};
		};
/* End XCRemoteSwiftPackageReference section */

/* Begin XCSwiftPackageProductDependency section */
		D5A5604124ABAB33001A4E8D /* swiftLibrary */ = {
			isa = XCSwiftPackageProductDependency;
			package = D5A5604024ABAB33001A4E8D /* XCRemoteSwiftPackageReference "swiftPackages" */;
			productName = swiftLibrary;
		};
		D5E2942724AD4AFE00B1B84C /* objcLibrary */ = {
			isa = XCSwiftPackageProductDependency;
			package = D5A5604024ABAB33001A4E8D /* XCRemoteSwiftPackageReference "swiftPackages" */;
			productName = objcLibrary;
		};
/* End XCSwiftPackageProductDependency section */
	};
	rootObject = D54CAD3424ABA78F009F20FA /* Project object */;
}
